
Microsoft Visual Studio Solution File, Format Version 12.00
# Visual Studio 2013
VisualStudioVersion = 12.0.21005.1
MinimumVisualStudioVersion = 10.0.40219.1
Project("{FAE04EC0-301F-11D3-BF4B-00C04F79EFBC}") = "Campy", "Campy\Campy.csproj", "{E8D017E0-FA8E-4E72-9389-49DED7BEAD07}"
EndProject
Project("{8BC9CEB8-8B4A-11D0-8D11-00A0C91BC942}") = "Campy.Types", "Campy.Types\Campy.Types.vcxproj", "{D7FCB0BB-C7D9-48CB-9E74-A73D56EFE00E}"
EndProject
Project("{FAE04EC0-301F-11D3-BF4B-00C04F79EFBC}") = "TreeWalker", "TreeWalker\TreeWalker.csproj", "{FFBC17DC-9DC7-4378-8C3E-D63DDC25611C}"
EndProject
Project("{FAE04EC0-301F-11D3-BF4B-00C04F79EFBC}") = "Test", "Test\Test.csproj", "{D7FED967-391E-4AA2-ABC3-5B409094F109}"
EndProject
Project("{FAE04EC0-301F-11D3-BF4B-00C04F79EFBC}") = "Campy.Utils", "Campy.Utility\Campy.Utils.csproj", "{F7A47B23-BBCE-4B4B-90B8-B310E776B4CC}"
EndProject
Global
	GlobalSection(SolutionConfigurationPlatforms) = preSolution
		Debug|Any CPU = Debug|Any CPU
		Debug|Mixed Platforms = Debug|Mixed Platforms
		Debug|Win32 = Debug|Win32
		Release|Any CPU = Release|Any CPU
		Release|Mixed Platforms = Release|Mixed Platforms
		Release|Win32 = Release|Win32
	EndGlobalSection
	GlobalSection(ProjectConfigurationPlatforms) = postSolution
		{E8D017E0-FA8E-4E72-9389-49DED7BEAD07}.Debug|Any CPU.ActiveCfg = Debug|Any CPU
		{E8D017E0-FA8E-4E72-9389-49DED7BEAD07}.Debug|Any CPU.Build.0 = Debug|Any CPU
		{E8D017E0-FA8E-4E72-9389-49DED7BEAD07}.Debug|Mixed Platforms.ActiveCfg = Debug|Any CPU
		{E8D017E0-FA8E-4E72-9389-49DED7BEAD07}.Debug|Mixed Platforms.Build.0 = Debug|Any CPU
		{E8D017E0-FA8E-4E72-9389-49DED7BEAD07}.Debug|Win32.ActiveCfg = Debug|Any CPU
		{E8D017E0-FA8E-4E72-9389-49DED7BEAD07}.Release|Any CPU.ActiveCfg = Release|Any CPU
		{E8D017E0-FA8E-4E72-9389-49DED7BEAD07}.Release|Any CPU.Build.0 = Release|Any CPU
		{E8D017E0-FA8E-4E72-9389-49DED7BEAD07}.Release|Mixed Platforms.ActiveCfg = Release|Any CPU
		{E8D017E0-FA8E-4E72-9389-49DED7BEAD07}.Release|Mixed Platforms.Build.0 = Release|Any CPU
		{E8D017E0-FA8E-4E72-9389-49DED7BEAD07}.Release|Win32.ActiveCfg = Release|Any CPU
		{D7FCB0BB-C7D9-48CB-9E74-A73D56EFE00E}.Debug|Any CPU.ActiveCfg = Debug|Win32
		{D7FCB0BB-C7D9-48CB-9E74-A73D56EFE00E}.Debug|Mixed Platforms.ActiveCfg = Debug|Win32
		{D7FCB0BB-C7D9-48CB-9E74-A73D56EFE00E}.Debug|Mixed Platforms.Build.0 = Debug|Win32
		{D7FCB0BB-C7D9-48CB-9E74-A73D56EFE00E}.Debug|Win32.ActiveCfg = Debug|Win32
		{D7FCB0BB-C7D9-48CB-9E74-A73D56EFE00E}.Debug|Win32.Build.0 = Debug|Win32
		{D7FCB0BB-C7D9-48CB-9E74-A73D56EFE00E}.Release|Any CPU.ActiveCfg = Release|Win32
		{D7FCB0BB-C7D9-48CB-9E74-A73D56EFE00E}.Release|Mixed Platforms.ActiveCfg = Release|Win32
		{D7FCB0BB-C7D9-48CB-9E74-A73D56EFE00E}.Release|Mixed Platforms.Build.0 = Release|Win32
		{D7FCB0BB-C7D9-48CB-9E74-A73D56EFE00E}.Release|Win32.ActiveCfg = Release|Win32
		{D7FCB0BB-C7D9-48CB-9E74-A73D56EFE00E}.Release|Win32.Build.0 = Release|Win32
		{FFBC17DC-9DC7-4378-8C3E-D63DDC25611C}.Debug|Any CPU.ActiveCfg = Debug|Any CPU
		{FFBC17DC-9DC7-4378-8C3E-D63DDC25611C}.Debug|Any CPU.Build.0 = Debug|Any CPU
		{FFBC17DC-9DC7-4378-8C3E-D63DDC25611C}.Debug|Mixed Platforms.ActiveCfg = Debug|Any CPU
		{FFBC17DC-9DC7-4378-8C3E-D63DDC25611C}.Debug|Mixed Platforms.Build.0 = Debug|Any CPU
		{FFBC17DC-9DC7-4378-8C3E-D63DDC25611C}.Debug|Win32.ActiveCfg = Debug|Any CPU
		{FFBC17DC-9DC7-4378-8C3E-D63DDC25611C}.Release|Any CPU.ActiveCfg = Release|Any CPU
		{FFBC17DC-9DC7-4378-8C3E-D63DDC25611C}.Release|Any CPU.Build.0 = Release|Any CPU
		{FFBC17DC-9DC7-4378-8C3E-D63DDC25611C}.Release|Mixed Platforms.ActiveCfg = Release|Any CPU
		{FFBC17DC-9DC7-4378-8C3E-D63DDC25611C}.Release|Mixed Platforms.Build.0 = Release|Any CPU
		{FFBC17DC-9DC7-4378-8C3E-D63DDC25611C}.Release|Win32.ActiveCfg = Release|Any CPU
		{D7FED967-391E-4AA2-ABC3-5B409094F109}.Debug|Any CPU.ActiveCfg = Debug|Any CPU
		{D7FED967-391E-4AA2-ABC3-5B409094F109}.Debug|Any CPU.Build.0 = Debug|Any CPU
		{D7FED967-391E-4AA2-ABC3-5B409094F109}.Debug|Mixed Platforms.ActiveCfg = Debug|Any CPU
		{D7FED967-391E-4AA2-ABC3-5B409094F109}.Debug|Mixed Platforms.Build.0 = Debug|Any CPU
		{D7FED967-391E-4AA2-ABC3-5B409094F109}.Debug|Win32.ActiveCfg = Debug|Any CPU
		{D7FED967-391E-4AA2-ABC3-5B409094F109}.Release|Any CPU.ActiveCfg = Release|Any CPU
		{D7FED967-391E-4AA2-ABC3-5B409094F109}.Release|Any CPU.Build.0 = Release|Any CPU
		{D7FED967-391E-4AA2-ABC3-5B409094F109}.Release|Mixed Platforms.ActiveCfg = Release|Any CPU
		{D7FED967-391E-4AA2-ABC3-5B409094F109}.Release|Mixed Platforms.Build.0 = Release|Any CPU
		{D7FED967-391E-4AA2-ABC3-5B409094F109}.Release|Win32.ActiveCfg = Release|Any CPU
		{F7A47B23-BBCE-4B4B-90B8-B310E776B4CC}.Debug|Any CPU.ActiveCfg = Debug|Any CPU
		{F7A47B23-BBCE-4B4B-90B8-B310E776B4CC}.Debug|Any CPU.Build.0 = Debug|Any CPU
		{F7A47B23-BBCE-4B4B-90B8-B310E776B4CC}.Debug|Mixed Platforms.ActiveCfg = Debug|Any CPU
		{F7A47B23-BBCE-4B4B-90B8-B310E776B4CC}.Debug|Mixed Platforms.Build.0 = Debug|Any CPU
		{F7A47B23-BBCE-4B4B-90B8-B310E776B4CC}.Debug|Win32.ActiveCfg = Debug|Any CPU
		{F7A47B23-BBCE-4B4B-90B8-B310E776B4CC}.Release|Any CPU.ActiveCfg = Release|Any CPU
		{F7A47B23-BBCE-4B4B-90B8-B310E776B4CC}.Release|Any CPU.Build.0 = Release|Any CPU
		{F7A47B23-BBCE-4B4B-90B8-B310E776B4CC}.Release|Mixed Platforms.ActiveCfg = Release|Any CPU
		{F7A47B23-BBCE-4B4B-90B8-B310E776B4CC}.Release|Mixed Platforms.Build.0 = Release|Any CPU
		{F7A47B23-BBCE-4B4B-90B8-B310E776B4CC}.Release|Win32.ActiveCfg = Release|Any CPU
	EndGlobalSection
	GlobalSection(SolutionProperties) = preSolution
		HideSolutionNode = FALSE
	EndGlobalSection
EndGlobal
