
Microsoft Visual Studio Solution File, Format Version 12.00
# Visual Studio 2013
VisualStudioVersion = 12.0.21005.1
MinimumVisualStudioVersion = 10.0.40219.1
Project("{FAE04EC0-301F-11D3-BF4B-00C04F79EFBC}") = "Campy", "Campy\Campy.csproj", "{E8D017E0-FA8E-4E72-9389-49DED7BEAD07}"
EndProject
Project("{8BC9CEB8-8B4A-11D0-8D11-00A0C91BC942}") = "Campy.Types", "Campy.Types\Campy.Types.vcxproj", "{D7FCB0BB-C7D9-48CB-9E74-A73D56EFE00E}"
EndProject
Project("{FAE04EC0-301F-11D3-BF4B-00C04F79EFBC}") = "Campy.TreeWalker", "Campy.TreeWalker\Campy.TreeWalker.csproj", "{FFBC17DC-9DC7-4378-8C3E-D63DDC25611C}"
EndProject
Project("{FAE04EC0-301F-11D3-BF4B-00C04F79EFBC}") = "Test", "Test\Test.csproj", "{D7FED967-391E-4AA2-ABC3-5B409094F109}"
EndProject
Project("{FAE04EC0-301F-11D3-BF4B-00C04F79EFBC}") = "Campy.Utils", "Campy.Utility\Campy.Utils.csproj", "{F7A47B23-BBCE-4B4B-90B8-B310E776B4CC}"
EndProject
Project("{FAE04EC0-301F-11D3-BF4B-00C04F79EFBC}") = "Campy.Types.Utils", "Campy.Types.Utils\Campy.Types.Utils.csproj", "{42EC7285-A13F-4267-A14A-09BB0B195D8F}"
EndProject
Project("{FAE04EC0-301F-11D3-BF4B-00C04F79EFBC}") = "Campy.Builder", "Campy.Builder\Campy.Builder.csproj", "{EECC0085-71A6-4759-A5EE-3438C2152F22}"
EndProject
Project("{FAE04EC0-301F-11D3-BF4B-00C04F79EFBC}") = "Campy.Graphs", "Campy.Graphs\Campy.Graphs.csproj", "{D1D35561-EAE2-461A-A006-478DC6082761}"
EndProject
Project("{FAE04EC0-301F-11D3-BF4B-00C04F79EFBC}") = "Campy.GraphAlgorithms", "Campy.GraphAlgorithms\Campy.GraphAlgorithms.csproj", "{A9B4E66B-8C83-4059-A0AB-54FE5204CD25}"
EndProject
Project("{6141683F-8A12-4E36-9623-2EB02B2C2303}") = "Setup4", "Setup4\Setup4.isproj", "{1AABD00A-0DB3-4538-B341-25F5BC328813}"
	ProjectSection(ProjectDependencies) = postProject
		{F7A47B23-BBCE-4B4B-90B8-B310E776B4CC} = {F7A47B23-BBCE-4B4B-90B8-B310E776B4CC}
		{D1D35561-EAE2-461A-A006-478DC6082761} = {D1D35561-EAE2-461A-A006-478DC6082761}
		{A9B4E66B-8C83-4059-A0AB-54FE5204CD25} = {A9B4E66B-8C83-4059-A0AB-54FE5204CD25}
		{EECC0085-71A6-4759-A5EE-3438C2152F22} = {EECC0085-71A6-4759-A5EE-3438C2152F22}
		{42EC7285-A13F-4267-A14A-09BB0B195D8F} = {42EC7285-A13F-4267-A14A-09BB0B195D8F}
		{D7FCB0BB-C7D9-48CB-9E74-A73D56EFE00E} = {D7FCB0BB-C7D9-48CB-9E74-A73D56EFE00E}
		{FFBC17DC-9DC7-4378-8C3E-D63DDC25611C} = {FFBC17DC-9DC7-4378-8C3E-D63DDC25611C}
		{E8D017E0-FA8E-4E72-9389-49DED7BEAD07} = {E8D017E0-FA8E-4E72-9389-49DED7BEAD07}
	EndProjectSection
EndProject
Global
	GlobalSection(SolutionConfigurationPlatforms) = preSolution
		CD_ROM|Any CPU = CD_ROM|Any CPU
		CD_ROM|Mixed Platforms = CD_ROM|Mixed Platforms
		CD_ROM|Win32 = CD_ROM|Win32
		Debug|Any CPU = Debug|Any CPU
		Debug|Mixed Platforms = Debug|Mixed Platforms
		Debug|Win32 = Debug|Win32
		DVD-5|Any CPU = DVD-5|Any CPU
		DVD-5|Mixed Platforms = DVD-5|Mixed Platforms
		DVD-5|Win32 = DVD-5|Win32
		Release|Any CPU = Release|Any CPU
		Release|Mixed Platforms = Release|Mixed Platforms
		Release|Win32 = Release|Win32
		SingleImage|Any CPU = SingleImage|Any CPU
		SingleImage|Mixed Platforms = SingleImage|Mixed Platforms
		SingleImage|Win32 = SingleImage|Win32
	EndGlobalSection
	GlobalSection(ProjectConfigurationPlatforms) = postSolution
		{E8D017E0-FA8E-4E72-9389-49DED7BEAD07}.CD_ROM|Any CPU.ActiveCfg = Release|Any CPU
		{E8D017E0-FA8E-4E72-9389-49DED7BEAD07}.CD_ROM|Any CPU.Build.0 = Release|Any CPU
		{E8D017E0-FA8E-4E72-9389-49DED7BEAD07}.CD_ROM|Mixed Platforms.ActiveCfg = Release|Any CPU
		{E8D017E0-FA8E-4E72-9389-49DED7BEAD07}.CD_ROM|Mixed Platforms.Build.0 = Release|Any CPU
		{E8D017E0-FA8E-4E72-9389-49DED7BEAD07}.CD_ROM|Win32.ActiveCfg = Release|Any CPU
		{E8D017E0-FA8E-4E72-9389-49DED7BEAD07}.Debug|Any CPU.ActiveCfg = Debug|Any CPU
		{E8D017E0-FA8E-4E72-9389-49DED7BEAD07}.Debug|Any CPU.Build.0 = Debug|Any CPU
		{E8D017E0-FA8E-4E72-9389-49DED7BEAD07}.Debug|Mixed Platforms.ActiveCfg = Debug|Any CPU
		{E8D017E0-FA8E-4E72-9389-49DED7BEAD07}.Debug|Mixed Platforms.Build.0 = Debug|Any CPU
		{E8D017E0-FA8E-4E72-9389-49DED7BEAD07}.Debug|Win32.ActiveCfg = Debug|Any CPU
		{E8D017E0-FA8E-4E72-9389-49DED7BEAD07}.DVD-5|Any CPU.ActiveCfg = Debug|Any CPU
		{E8D017E0-FA8E-4E72-9389-49DED7BEAD07}.DVD-5|Any CPU.Build.0 = Debug|Any CPU
		{E8D017E0-FA8E-4E72-9389-49DED7BEAD07}.DVD-5|Mixed Platforms.ActiveCfg = Debug|Any CPU
		{E8D017E0-FA8E-4E72-9389-49DED7BEAD07}.DVD-5|Mixed Platforms.Build.0 = Debug|Any CPU
		{E8D017E0-FA8E-4E72-9389-49DED7BEAD07}.DVD-5|Win32.ActiveCfg = Debug|Any CPU
		{E8D017E0-FA8E-4E72-9389-49DED7BEAD07}.Release|Any CPU.ActiveCfg = Release|Any CPU
		{E8D017E0-FA8E-4E72-9389-49DED7BEAD07}.Release|Any CPU.Build.0 = Release|Any CPU
		{E8D017E0-FA8E-4E72-9389-49DED7BEAD07}.Release|Mixed Platforms.ActiveCfg = Release|Any CPU
		{E8D017E0-FA8E-4E72-9389-49DED7BEAD07}.Release|Mixed Platforms.Build.0 = Release|Any CPU
		{E8D017E0-FA8E-4E72-9389-49DED7BEAD07}.Release|Win32.ActiveCfg = Release|Any CPU
		{E8D017E0-FA8E-4E72-9389-49DED7BEAD07}.SingleImage|Any CPU.ActiveCfg = Release|Any CPU
		{E8D017E0-FA8E-4E72-9389-49DED7BEAD07}.SingleImage|Any CPU.Build.0 = Release|Any CPU
		{E8D017E0-FA8E-4E72-9389-49DED7BEAD07}.SingleImage|Mixed Platforms.ActiveCfg = Release|Any CPU
		{E8D017E0-FA8E-4E72-9389-49DED7BEAD07}.SingleImage|Mixed Platforms.Build.0 = Release|Any CPU
		{E8D017E0-FA8E-4E72-9389-49DED7BEAD07}.SingleImage|Win32.ActiveCfg = Release|Any CPU
		{D7FCB0BB-C7D9-48CB-9E74-A73D56EFE00E}.CD_ROM|Any CPU.ActiveCfg = Release|Win32
		{D7FCB0BB-C7D9-48CB-9E74-A73D56EFE00E}.CD_ROM|Mixed Platforms.ActiveCfg = Release|Win32
		{D7FCB0BB-C7D9-48CB-9E74-A73D56EFE00E}.CD_ROM|Mixed Platforms.Build.0 = Release|Win32
		{D7FCB0BB-C7D9-48CB-9E74-A73D56EFE00E}.CD_ROM|Win32.ActiveCfg = Release|Win32
		{D7FCB0BB-C7D9-48CB-9E74-A73D56EFE00E}.CD_ROM|Win32.Build.0 = Release|Win32
		{D7FCB0BB-C7D9-48CB-9E74-A73D56EFE00E}.Debug|Any CPU.ActiveCfg = Debug|Win32
		{D7FCB0BB-C7D9-48CB-9E74-A73D56EFE00E}.Debug|Mixed Platforms.ActiveCfg = Debug|Win32
		{D7FCB0BB-C7D9-48CB-9E74-A73D56EFE00E}.Debug|Mixed Platforms.Build.0 = Debug|Win32
		{D7FCB0BB-C7D9-48CB-9E74-A73D56EFE00E}.Debug|Win32.ActiveCfg = Debug|Win32
		{D7FCB0BB-C7D9-48CB-9E74-A73D56EFE00E}.Debug|Win32.Build.0 = Debug|Win32
		{D7FCB0BB-C7D9-48CB-9E74-A73D56EFE00E}.DVD-5|Any CPU.ActiveCfg = Debug|Win32
		{D7FCB0BB-C7D9-48CB-9E74-A73D56EFE00E}.DVD-5|Mixed Platforms.ActiveCfg = Debug|Win32
		{D7FCB0BB-C7D9-48CB-9E74-A73D56EFE00E}.DVD-5|Mixed Platforms.Build.0 = Debug|Win32
		{D7FCB0BB-C7D9-48CB-9E74-A73D56EFE00E}.DVD-5|Win32.ActiveCfg = Debug|Win32
		{D7FCB0BB-C7D9-48CB-9E74-A73D56EFE00E}.DVD-5|Win32.Build.0 = Debug|Win32
		{D7FCB0BB-C7D9-48CB-9E74-A73D56EFE00E}.Release|Any CPU.ActiveCfg = Release|Win32
		{D7FCB0BB-C7D9-48CB-9E74-A73D56EFE00E}.Release|Mixed Platforms.ActiveCfg = Release|Win32
		{D7FCB0BB-C7D9-48CB-9E74-A73D56EFE00E}.Release|Mixed Platforms.Build.0 = Release|Win32
		{D7FCB0BB-C7D9-48CB-9E74-A73D56EFE00E}.Release|Win32.ActiveCfg = Release|Win32
		{D7FCB0BB-C7D9-48CB-9E74-A73D56EFE00E}.Release|Win32.Build.0 = Release|Win32
		{D7FCB0BB-C7D9-48CB-9E74-A73D56EFE00E}.SingleImage|Any CPU.ActiveCfg = Release|Win32
		{D7FCB0BB-C7D9-48CB-9E74-A73D56EFE00E}.SingleImage|Mixed Platforms.ActiveCfg = Release|Win32
		{D7FCB0BB-C7D9-48CB-9E74-A73D56EFE00E}.SingleImage|Mixed Platforms.Build.0 = Release|Win32
		{D7FCB0BB-C7D9-48CB-9E74-A73D56EFE00E}.SingleImage|Win32.ActiveCfg = Release|Win32
		{D7FCB0BB-C7D9-48CB-9E74-A73D56EFE00E}.SingleImage|Win32.Build.0 = Release|Win32
		{FFBC17DC-9DC7-4378-8C3E-D63DDC25611C}.CD_ROM|Any CPU.ActiveCfg = Release|Any CPU
		{FFBC17DC-9DC7-4378-8C3E-D63DDC25611C}.CD_ROM|Any CPU.Build.0 = Release|Any CPU
		{FFBC17DC-9DC7-4378-8C3E-D63DDC25611C}.CD_ROM|Mixed Platforms.ActiveCfg = Release|Any CPU
		{FFBC17DC-9DC7-4378-8C3E-D63DDC25611C}.CD_ROM|Mixed Platforms.Build.0 = Release|Any CPU
		{FFBC17DC-9DC7-4378-8C3E-D63DDC25611C}.CD_ROM|Win32.ActiveCfg = Release|Any CPU
		{FFBC17DC-9DC7-4378-8C3E-D63DDC25611C}.Debug|Any CPU.ActiveCfg = Debug|Any CPU
		{FFBC17DC-9DC7-4378-8C3E-D63DDC25611C}.Debug|Any CPU.Build.0 = Debug|Any CPU
		{FFBC17DC-9DC7-4378-8C3E-D63DDC25611C}.Debug|Mixed Platforms.ActiveCfg = Debug|Any CPU
		{FFBC17DC-9DC7-4378-8C3E-D63DDC25611C}.Debug|Mixed Platforms.Build.0 = Debug|Any CPU
		{FFBC17DC-9DC7-4378-8C3E-D63DDC25611C}.Debug|Win32.ActiveCfg = Debug|Any CPU
		{FFBC17DC-9DC7-4378-8C3E-D63DDC25611C}.DVD-5|Any CPU.ActiveCfg = Debug|Any CPU
		{FFBC17DC-9DC7-4378-8C3E-D63DDC25611C}.DVD-5|Any CPU.Build.0 = Debug|Any CPU
		{FFBC17DC-9DC7-4378-8C3E-D63DDC25611C}.DVD-5|Mixed Platforms.ActiveCfg = Debug|Any CPU
		{FFBC17DC-9DC7-4378-8C3E-D63DDC25611C}.DVD-5|Mixed Platforms.Build.0 = Debug|Any CPU
		{FFBC17DC-9DC7-4378-8C3E-D63DDC25611C}.DVD-5|Win32.ActiveCfg = Debug|Any CPU
		{FFBC17DC-9DC7-4378-8C3E-D63DDC25611C}.Release|Any CPU.ActiveCfg = Release|Any CPU
		{FFBC17DC-9DC7-4378-8C3E-D63DDC25611C}.Release|Any CPU.Build.0 = Release|Any CPU
		{FFBC17DC-9DC7-4378-8C3E-D63DDC25611C}.Release|Mixed Platforms.ActiveCfg = Release|Any CPU
		{FFBC17DC-9DC7-4378-8C3E-D63DDC25611C}.Release|Mixed Platforms.Build.0 = Release|Any CPU
		{FFBC17DC-9DC7-4378-8C3E-D63DDC25611C}.Release|Win32.ActiveCfg = Release|Any CPU
		{FFBC17DC-9DC7-4378-8C3E-D63DDC25611C}.SingleImage|Any CPU.ActiveCfg = Release|Any CPU
		{FFBC17DC-9DC7-4378-8C3E-D63DDC25611C}.SingleImage|Any CPU.Build.0 = Release|Any CPU
		{FFBC17DC-9DC7-4378-8C3E-D63DDC25611C}.SingleImage|Mixed Platforms.ActiveCfg = Release|Any CPU
		{FFBC17DC-9DC7-4378-8C3E-D63DDC25611C}.SingleImage|Mixed Platforms.Build.0 = Release|Any CPU
		{FFBC17DC-9DC7-4378-8C3E-D63DDC25611C}.SingleImage|Win32.ActiveCfg = Release|Any CPU
		{D7FED967-391E-4AA2-ABC3-5B409094F109}.CD_ROM|Any CPU.ActiveCfg = Release|Any CPU
		{D7FED967-391E-4AA2-ABC3-5B409094F109}.CD_ROM|Any CPU.Build.0 = Release|Any CPU
		{D7FED967-391E-4AA2-ABC3-5B409094F109}.CD_ROM|Mixed Platforms.ActiveCfg = Release|Any CPU
		{D7FED967-391E-4AA2-ABC3-5B409094F109}.CD_ROM|Mixed Platforms.Build.0 = Release|Any CPU
		{D7FED967-391E-4AA2-ABC3-5B409094F109}.CD_ROM|Win32.ActiveCfg = Release|Any CPU
		{D7FED967-391E-4AA2-ABC3-5B409094F109}.Debug|Any CPU.ActiveCfg = Debug|Any CPU
		{D7FED967-391E-4AA2-ABC3-5B409094F109}.Debug|Any CPU.Build.0 = Debug|Any CPU
		{D7FED967-391E-4AA2-ABC3-5B409094F109}.Debug|Mixed Platforms.ActiveCfg = Debug|Any CPU
		{D7FED967-391E-4AA2-ABC3-5B409094F109}.Debug|Mixed Platforms.Build.0 = Debug|Any CPU
		{D7FED967-391E-4AA2-ABC3-5B409094F109}.Debug|Win32.ActiveCfg = Debug|Any CPU
		{D7FED967-391E-4AA2-ABC3-5B409094F109}.DVD-5|Any CPU.ActiveCfg = Debug|Any CPU
		{D7FED967-391E-4AA2-ABC3-5B409094F109}.DVD-5|Any CPU.Build.0 = Debug|Any CPU
		{D7FED967-391E-4AA2-ABC3-5B409094F109}.DVD-5|Mixed Platforms.ActiveCfg = Debug|Any CPU
		{D7FED967-391E-4AA2-ABC3-5B409094F109}.DVD-5|Mixed Platforms.Build.0 = Debug|Any CPU
		{D7FED967-391E-4AA2-ABC3-5B409094F109}.DVD-5|Win32.ActiveCfg = Debug|Any CPU
		{D7FED967-391E-4AA2-ABC3-5B409094F109}.Release|Any CPU.ActiveCfg = Release|Any CPU
		{D7FED967-391E-4AA2-ABC3-5B409094F109}.Release|Any CPU.Build.0 = Release|Any CPU
		{D7FED967-391E-4AA2-ABC3-5B409094F109}.Release|Mixed Platforms.ActiveCfg = Release|Any CPU
		{D7FED967-391E-4AA2-ABC3-5B409094F109}.Release|Mixed Platforms.Build.0 = Release|Any CPU
		{D7FED967-391E-4AA2-ABC3-5B409094F109}.Release|Win32.ActiveCfg = Release|Any CPU
		{D7FED967-391E-4AA2-ABC3-5B409094F109}.SingleImage|Any CPU.ActiveCfg = Release|Any CPU
		{D7FED967-391E-4AA2-ABC3-5B409094F109}.SingleImage|Any CPU.Build.0 = Release|Any CPU
		{D7FED967-391E-4AA2-ABC3-5B409094F109}.SingleImage|Mixed Platforms.ActiveCfg = Release|Any CPU
		{D7FED967-391E-4AA2-ABC3-5B409094F109}.SingleImage|Mixed Platforms.Build.0 = Release|Any CPU
		{D7FED967-391E-4AA2-ABC3-5B409094F109}.SingleImage|Win32.ActiveCfg = Release|Any CPU
		{F7A47B23-BBCE-4B4B-90B8-B310E776B4CC}.CD_ROM|Any CPU.ActiveCfg = Release|Any CPU
		{F7A47B23-BBCE-4B4B-90B8-B310E776B4CC}.CD_ROM|Any CPU.Build.0 = Release|Any CPU
		{F7A47B23-BBCE-4B4B-90B8-B310E776B4CC}.CD_ROM|Mixed Platforms.ActiveCfg = Release|Any CPU
		{F7A47B23-BBCE-4B4B-90B8-B310E776B4CC}.CD_ROM|Mixed Platforms.Build.0 = Release|Any CPU
		{F7A47B23-BBCE-4B4B-90B8-B310E776B4CC}.CD_ROM|Win32.ActiveCfg = Release|Any CPU
		{F7A47B23-BBCE-4B4B-90B8-B310E776B4CC}.Debug|Any CPU.ActiveCfg = Debug|Any CPU
		{F7A47B23-BBCE-4B4B-90B8-B310E776B4CC}.Debug|Any CPU.Build.0 = Debug|Any CPU
		{F7A47B23-BBCE-4B4B-90B8-B310E776B4CC}.Debug|Mixed Platforms.ActiveCfg = Debug|Any CPU
		{F7A47B23-BBCE-4B4B-90B8-B310E776B4CC}.Debug|Mixed Platforms.Build.0 = Debug|Any CPU
		{F7A47B23-BBCE-4B4B-90B8-B310E776B4CC}.Debug|Win32.ActiveCfg = Debug|Any CPU
		{F7A47B23-BBCE-4B4B-90B8-B310E776B4CC}.DVD-5|Any CPU.ActiveCfg = Debug|Any CPU
		{F7A47B23-BBCE-4B4B-90B8-B310E776B4CC}.DVD-5|Any CPU.Build.0 = Debug|Any CPU
		{F7A47B23-BBCE-4B4B-90B8-B310E776B4CC}.DVD-5|Mixed Platforms.ActiveCfg = Debug|Any CPU
		{F7A47B23-BBCE-4B4B-90B8-B310E776B4CC}.DVD-5|Mixed Platforms.Build.0 = Debug|Any CPU
		{F7A47B23-BBCE-4B4B-90B8-B310E776B4CC}.DVD-5|Win32.ActiveCfg = Debug|Any CPU
		{F7A47B23-BBCE-4B4B-90B8-B310E776B4CC}.Release|Any CPU.ActiveCfg = Release|Any CPU
		{F7A47B23-BBCE-4B4B-90B8-B310E776B4CC}.Release|Any CPU.Build.0 = Release|Any CPU
		{F7A47B23-BBCE-4B4B-90B8-B310E776B4CC}.Release|Mixed Platforms.ActiveCfg = Release|Any CPU
		{F7A47B23-BBCE-4B4B-90B8-B310E776B4CC}.Release|Mixed Platforms.Build.0 = Release|Any CPU
		{F7A47B23-BBCE-4B4B-90B8-B310E776B4CC}.Release|Win32.ActiveCfg = Release|Any CPU
		{F7A47B23-BBCE-4B4B-90B8-B310E776B4CC}.SingleImage|Any CPU.ActiveCfg = Release|Any CPU
		{F7A47B23-BBCE-4B4B-90B8-B310E776B4CC}.SingleImage|Any CPU.Build.0 = Release|Any CPU
		{F7A47B23-BBCE-4B4B-90B8-B310E776B4CC}.SingleImage|Mixed Platforms.ActiveCfg = Release|Any CPU
		{F7A47B23-BBCE-4B4B-90B8-B310E776B4CC}.SingleImage|Mixed Platforms.Build.0 = Release|Any CPU
		{F7A47B23-BBCE-4B4B-90B8-B310E776B4CC}.SingleImage|Win32.ActiveCfg = Release|Any CPU
		{42EC7285-A13F-4267-A14A-09BB0B195D8F}.CD_ROM|Any CPU.ActiveCfg = Release|Any CPU
		{42EC7285-A13F-4267-A14A-09BB0B195D8F}.CD_ROM|Any CPU.Build.0 = Release|Any CPU
		{42EC7285-A13F-4267-A14A-09BB0B195D8F}.CD_ROM|Mixed Platforms.ActiveCfg = Release|Any CPU
		{42EC7285-A13F-4267-A14A-09BB0B195D8F}.CD_ROM|Mixed Platforms.Build.0 = Release|Any CPU
		{42EC7285-A13F-4267-A14A-09BB0B195D8F}.CD_ROM|Win32.ActiveCfg = Release|Any CPU
		{42EC7285-A13F-4267-A14A-09BB0B195D8F}.Debug|Any CPU.ActiveCfg = Debug|Any CPU
		{42EC7285-A13F-4267-A14A-09BB0B195D8F}.Debug|Any CPU.Build.0 = Debug|Any CPU
		{42EC7285-A13F-4267-A14A-09BB0B195D8F}.Debug|Mixed Platforms.ActiveCfg = Debug|Any CPU
		{42EC7285-A13F-4267-A14A-09BB0B195D8F}.Debug|Mixed Platforms.Build.0 = Debug|Any CPU
		{42EC7285-A13F-4267-A14A-09BB0B195D8F}.Debug|Win32.ActiveCfg = Debug|Any CPU
		{42EC7285-A13F-4267-A14A-09BB0B195D8F}.DVD-5|Any CPU.ActiveCfg = Debug|Any CPU
		{42EC7285-A13F-4267-A14A-09BB0B195D8F}.DVD-5|Any CPU.Build.0 = Debug|Any CPU
		{42EC7285-A13F-4267-A14A-09BB0B195D8F}.DVD-5|Mixed Platforms.ActiveCfg = Debug|Any CPU
		{42EC7285-A13F-4267-A14A-09BB0B195D8F}.DVD-5|Mixed Platforms.Build.0 = Debug|Any CPU
		{42EC7285-A13F-4267-A14A-09BB0B195D8F}.DVD-5|Win32.ActiveCfg = Debug|Any CPU
		{42EC7285-A13F-4267-A14A-09BB0B195D8F}.Release|Any CPU.ActiveCfg = Release|Any CPU
		{42EC7285-A13F-4267-A14A-09BB0B195D8F}.Release|Any CPU.Build.0 = Release|Any CPU
		{42EC7285-A13F-4267-A14A-09BB0B195D8F}.Release|Mixed Platforms.ActiveCfg = Release|Any CPU
		{42EC7285-A13F-4267-A14A-09BB0B195D8F}.Release|Mixed Platforms.Build.0 = Release|Any CPU
		{42EC7285-A13F-4267-A14A-09BB0B195D8F}.Release|Win32.ActiveCfg = Release|Any CPU
		{42EC7285-A13F-4267-A14A-09BB0B195D8F}.SingleImage|Any CPU.ActiveCfg = Release|Any CPU
		{42EC7285-A13F-4267-A14A-09BB0B195D8F}.SingleImage|Any CPU.Build.0 = Release|Any CPU
		{42EC7285-A13F-4267-A14A-09BB0B195D8F}.SingleImage|Mixed Platforms.ActiveCfg = Release|Any CPU
		{42EC7285-A13F-4267-A14A-09BB0B195D8F}.SingleImage|Mixed Platforms.Build.0 = Release|Any CPU
		{42EC7285-A13F-4267-A14A-09BB0B195D8F}.SingleImage|Win32.ActiveCfg = Release|Any CPU
		{EECC0085-71A6-4759-A5EE-3438C2152F22}.CD_ROM|Any CPU.ActiveCfg = Release|Any CPU
		{EECC0085-71A6-4759-A5EE-3438C2152F22}.CD_ROM|Any CPU.Build.0 = Release|Any CPU
		{EECC0085-71A6-4759-A5EE-3438C2152F22}.CD_ROM|Mixed Platforms.ActiveCfg = Release|Any CPU
		{EECC0085-71A6-4759-A5EE-3438C2152F22}.CD_ROM|Mixed Platforms.Build.0 = Release|Any CPU
		{EECC0085-71A6-4759-A5EE-3438C2152F22}.CD_ROM|Win32.ActiveCfg = Release|Any CPU
		{EECC0085-71A6-4759-A5EE-3438C2152F22}.Debug|Any CPU.ActiveCfg = Debug|Any CPU
		{EECC0085-71A6-4759-A5EE-3438C2152F22}.Debug|Any CPU.Build.0 = Debug|Any CPU
		{EECC0085-71A6-4759-A5EE-3438C2152F22}.Debug|Mixed Platforms.ActiveCfg = Debug|Any CPU
		{EECC0085-71A6-4759-A5EE-3438C2152F22}.Debug|Mixed Platforms.Build.0 = Debug|Any CPU
		{EECC0085-71A6-4759-A5EE-3438C2152F22}.Debug|Win32.ActiveCfg = Debug|Any CPU
		{EECC0085-71A6-4759-A5EE-3438C2152F22}.DVD-5|Any CPU.ActiveCfg = Debug|Any CPU
		{EECC0085-71A6-4759-A5EE-3438C2152F22}.DVD-5|Any CPU.Build.0 = Debug|Any CPU
		{EECC0085-71A6-4759-A5EE-3438C2152F22}.DVD-5|Mixed Platforms.ActiveCfg = Debug|Any CPU
		{EECC0085-71A6-4759-A5EE-3438C2152F22}.DVD-5|Mixed Platforms.Build.0 = Debug|Any CPU
		{EECC0085-71A6-4759-A5EE-3438C2152F22}.DVD-5|Win32.ActiveCfg = Debug|Any CPU
		{EECC0085-71A6-4759-A5EE-3438C2152F22}.Release|Any CPU.ActiveCfg = Release|Any CPU
		{EECC0085-71A6-4759-A5EE-3438C2152F22}.Release|Any CPU.Build.0 = Release|Any CPU
		{EECC0085-71A6-4759-A5EE-3438C2152F22}.Release|Mixed Platforms.ActiveCfg = Release|Any CPU
		{EECC0085-71A6-4759-A5EE-3438C2152F22}.Release|Mixed Platforms.Build.0 = Release|Any CPU
		{EECC0085-71A6-4759-A5EE-3438C2152F22}.Release|Win32.ActiveCfg = Release|Any CPU
		{EECC0085-71A6-4759-A5EE-3438C2152F22}.SingleImage|Any CPU.ActiveCfg = Release|Any CPU
		{EECC0085-71A6-4759-A5EE-3438C2152F22}.SingleImage|Any CPU.Build.0 = Release|Any CPU
		{EECC0085-71A6-4759-A5EE-3438C2152F22}.SingleImage|Mixed Platforms.ActiveCfg = Release|Any CPU
		{EECC0085-71A6-4759-A5EE-3438C2152F22}.SingleImage|Mixed Platforms.Build.0 = Release|Any CPU
		{EECC0085-71A6-4759-A5EE-3438C2152F22}.SingleImage|Win32.ActiveCfg = Release|Any CPU
		{D1D35561-EAE2-461A-A006-478DC6082761}.CD_ROM|Any CPU.ActiveCfg = Release|Any CPU
		{D1D35561-EAE2-461A-A006-478DC6082761}.CD_ROM|Any CPU.Build.0 = Release|Any CPU
		{D1D35561-EAE2-461A-A006-478DC6082761}.CD_ROM|Mixed Platforms.ActiveCfg = Release|Any CPU
		{D1D35561-EAE2-461A-A006-478DC6082761}.CD_ROM|Mixed Platforms.Build.0 = Release|Any CPU
		{D1D35561-EAE2-461A-A006-478DC6082761}.CD_ROM|Win32.ActiveCfg = Release|Any CPU
		{D1D35561-EAE2-461A-A006-478DC6082761}.Debug|Any CPU.ActiveCfg = Debug|Any CPU
		{D1D35561-EAE2-461A-A006-478DC6082761}.Debug|Any CPU.Build.0 = Debug|Any CPU
		{D1D35561-EAE2-461A-A006-478DC6082761}.Debug|Mixed Platforms.ActiveCfg = Debug|Any CPU
		{D1D35561-EAE2-461A-A006-478DC6082761}.Debug|Mixed Platforms.Build.0 = Debug|Any CPU
		{D1D35561-EAE2-461A-A006-478DC6082761}.Debug|Win32.ActiveCfg = Debug|Any CPU
		{D1D35561-EAE2-461A-A006-478DC6082761}.DVD-5|Any CPU.ActiveCfg = Debug|Any CPU
		{D1D35561-EAE2-461A-A006-478DC6082761}.DVD-5|Any CPU.Build.0 = Debug|Any CPU
		{D1D35561-EAE2-461A-A006-478DC6082761}.DVD-5|Mixed Platforms.ActiveCfg = Debug|Any CPU
		{D1D35561-EAE2-461A-A006-478DC6082761}.DVD-5|Mixed Platforms.Build.0 = Debug|Any CPU
		{D1D35561-EAE2-461A-A006-478DC6082761}.DVD-5|Win32.ActiveCfg = Debug|Any CPU
		{D1D35561-EAE2-461A-A006-478DC6082761}.Release|Any CPU.ActiveCfg = Release|Any CPU
		{D1D35561-EAE2-461A-A006-478DC6082761}.Release|Any CPU.Build.0 = Release|Any CPU
		{D1D35561-EAE2-461A-A006-478DC6082761}.Release|Mixed Platforms.ActiveCfg = Release|Any CPU
		{D1D35561-EAE2-461A-A006-478DC6082761}.Release|Mixed Platforms.Build.0 = Release|Any CPU
		{D1D35561-EAE2-461A-A006-478DC6082761}.Release|Win32.ActiveCfg = Release|Any CPU
		{D1D35561-EAE2-461A-A006-478DC6082761}.SingleImage|Any CPU.ActiveCfg = Release|Any CPU
		{D1D35561-EAE2-461A-A006-478DC6082761}.SingleImage|Any CPU.Build.0 = Release|Any CPU
		{D1D35561-EAE2-461A-A006-478DC6082761}.SingleImage|Mixed Platforms.ActiveCfg = Release|Any CPU
		{D1D35561-EAE2-461A-A006-478DC6082761}.SingleImage|Mixed Platforms.Build.0 = Release|Any CPU
		{D1D35561-EAE2-461A-A006-478DC6082761}.SingleImage|Win32.ActiveCfg = Release|Any CPU
		{A9B4E66B-8C83-4059-A0AB-54FE5204CD25}.CD_ROM|Any CPU.ActiveCfg = Release|Any CPU
		{A9B4E66B-8C83-4059-A0AB-54FE5204CD25}.CD_ROM|Any CPU.Build.0 = Release|Any CPU
		{A9B4E66B-8C83-4059-A0AB-54FE5204CD25}.CD_ROM|Mixed Platforms.ActiveCfg = Release|Any CPU
		{A9B4E66B-8C83-4059-A0AB-54FE5204CD25}.CD_ROM|Mixed Platforms.Build.0 = Release|Any CPU
		{A9B4E66B-8C83-4059-A0AB-54FE5204CD25}.CD_ROM|Win32.ActiveCfg = Release|Any CPU
		{A9B4E66B-8C83-4059-A0AB-54FE5204CD25}.Debug|Any CPU.ActiveCfg = Debug|Any CPU
		{A9B4E66B-8C83-4059-A0AB-54FE5204CD25}.Debug|Any CPU.Build.0 = Debug|Any CPU
		{A9B4E66B-8C83-4059-A0AB-54FE5204CD25}.Debug|Mixed Platforms.ActiveCfg = Debug|Any CPU
		{A9B4E66B-8C83-4059-A0AB-54FE5204CD25}.Debug|Mixed Platforms.Build.0 = Debug|Any CPU
		{A9B4E66B-8C83-4059-A0AB-54FE5204CD25}.Debug|Win32.ActiveCfg = Debug|Any CPU
		{A9B4E66B-8C83-4059-A0AB-54FE5204CD25}.DVD-5|Any CPU.ActiveCfg = Debug|Any CPU
		{A9B4E66B-8C83-4059-A0AB-54FE5204CD25}.DVD-5|Any CPU.Build.0 = Debug|Any CPU
		{A9B4E66B-8C83-4059-A0AB-54FE5204CD25}.DVD-5|Mixed Platforms.ActiveCfg = Debug|Any CPU
		{A9B4E66B-8C83-4059-A0AB-54FE5204CD25}.DVD-5|Mixed Platforms.Build.0 = Debug|Any CPU
		{A9B4E66B-8C83-4059-A0AB-54FE5204CD25}.DVD-5|Win32.ActiveCfg = Debug|Any CPU
		{A9B4E66B-8C83-4059-A0AB-54FE5204CD25}.Release|Any CPU.ActiveCfg = Release|Any CPU
		{A9B4E66B-8C83-4059-A0AB-54FE5204CD25}.Release|Any CPU.Build.0 = Release|Any CPU
		{A9B4E66B-8C83-4059-A0AB-54FE5204CD25}.Release|Mixed Platforms.ActiveCfg = Release|Any CPU
		{A9B4E66B-8C83-4059-A0AB-54FE5204CD25}.Release|Mixed Platforms.Build.0 = Release|Any CPU
		{A9B4E66B-8C83-4059-A0AB-54FE5204CD25}.Release|Win32.ActiveCfg = Release|Any CPU
		{A9B4E66B-8C83-4059-A0AB-54FE5204CD25}.SingleImage|Any CPU.ActiveCfg = Release|Any CPU
		{A9B4E66B-8C83-4059-A0AB-54FE5204CD25}.SingleImage|Any CPU.Build.0 = Release|Any CPU
		{A9B4E66B-8C83-4059-A0AB-54FE5204CD25}.SingleImage|Mixed Platforms.ActiveCfg = Release|Any CPU
		{A9B4E66B-8C83-4059-A0AB-54FE5204CD25}.SingleImage|Mixed Platforms.Build.0 = Release|Any CPU
		{A9B4E66B-8C83-4059-A0AB-54FE5204CD25}.SingleImage|Win32.ActiveCfg = Release|Any CPU
		{1AABD00A-0DB3-4538-B341-25F5BC328813}.CD_ROM|Any CPU.ActiveCfg = CD_ROM
		{1AABD00A-0DB3-4538-B341-25F5BC328813}.CD_ROM|Any CPU.Build.0 = CD_ROM
		{1AABD00A-0DB3-4538-B341-25F5BC328813}.CD_ROM|Mixed Platforms.ActiveCfg = CD_ROM
		{1AABD00A-0DB3-4538-B341-25F5BC328813}.CD_ROM|Mixed Platforms.Build.0 = CD_ROM
		{1AABD00A-0DB3-4538-B341-25F5BC328813}.CD_ROM|Win32.ActiveCfg = CD_ROM
		{1AABD00A-0DB3-4538-B341-25F5BC328813}.CD_ROM|Win32.Build.0 = CD_ROM
		{1AABD00A-0DB3-4538-B341-25F5BC328813}.Debug|Any CPU.ActiveCfg = DVD-5
		{1AABD00A-0DB3-4538-B341-25F5BC328813}.Debug|Any CPU.Build.0 = DVD-5
		{1AABD00A-0DB3-4538-B341-25F5BC328813}.Debug|Mixed Platforms.ActiveCfg = DVD-5
		{1AABD00A-0DB3-4538-B341-25F5BC328813}.Debug|Mixed Platforms.Build.0 = DVD-5
		{1AABD00A-0DB3-4538-B341-25F5BC328813}.Debug|Win32.ActiveCfg = DVD-5
		{1AABD00A-0DB3-4538-B341-25F5BC328813}.Debug|Win32.Build.0 = DVD-5
		{1AABD00A-0DB3-4538-B341-25F5BC328813}.DVD-5|Any CPU.ActiveCfg = DVD-5
		{1AABD00A-0DB3-4538-B341-25F5BC328813}.DVD-5|Any CPU.Build.0 = DVD-5
		{1AABD00A-0DB3-4538-B341-25F5BC328813}.DVD-5|Mixed Platforms.ActiveCfg = DVD-5
		{1AABD00A-0DB3-4538-B341-25F5BC328813}.DVD-5|Mixed Platforms.Build.0 = DVD-5
		{1AABD00A-0DB3-4538-B341-25F5BC328813}.DVD-5|Win32.ActiveCfg = DVD-5
		{1AABD00A-0DB3-4538-B341-25F5BC328813}.DVD-5|Win32.Build.0 = DVD-5
		{1AABD00A-0DB3-4538-B341-25F5BC328813}.Release|Any CPU.ActiveCfg = SingleImage
		{1AABD00A-0DB3-4538-B341-25F5BC328813}.Release|Any CPU.Build.0 = SingleImage
		{1AABD00A-0DB3-4538-B341-25F5BC328813}.Release|Mixed Platforms.ActiveCfg = SingleImage
		{1AABD00A-0DB3-4538-B341-25F5BC328813}.Release|Mixed Platforms.Build.0 = SingleImage
		{1AABD00A-0DB3-4538-B341-25F5BC328813}.Release|Win32.ActiveCfg = SingleImage
		{1AABD00A-0DB3-4538-B341-25F5BC328813}.Release|Win32.Build.0 = SingleImage
		{1AABD00A-0DB3-4538-B341-25F5BC328813}.SingleImage|Any CPU.ActiveCfg = SingleImage
		{1AABD00A-0DB3-4538-B341-25F5BC328813}.SingleImage|Any CPU.Build.0 = SingleImage
		{1AABD00A-0DB3-4538-B341-25F5BC328813}.SingleImage|Mixed Platforms.ActiveCfg = SingleImage
		{1AABD00A-0DB3-4538-B341-25F5BC328813}.SingleImage|Mixed Platforms.Build.0 = SingleImage
		{1AABD00A-0DB3-4538-B341-25F5BC328813}.SingleImage|Win32.ActiveCfg = SingleImage
		{1AABD00A-0DB3-4538-B341-25F5BC328813}.SingleImage|Win32.Build.0 = SingleImage
	EndGlobalSection
	GlobalSection(SolutionProperties) = preSolution
		HideSolutionNode = FALSE
	EndGlobalSection
EndGlobal
